// !$*UTF8*$!
{
	archiveVersion = 1;
	classes = {
	};
	objectVersion = 56;
	objects = {

/* Begin PBXBuildFile section */
		680C65F42A19589400CE678E /* StorySparkApp.swift in Sources */ = {isa = PBXBuildFile; fileRef = 680C65F32A19589400CE678E /* StorySparkApp.swift */; };
		680C65F62A19589400CE678E /* StoryListView.swift in Sources */ = {isa = PBXBuildFile; fileRef = 680C65F52A19589400CE678E /* StoryListView.swift */; };
		680C65F82A19589600CE678E /* Assets.xcassets in Resources */ = {isa = PBXBuildFile; fileRef = 680C65F72A19589600CE678E /* Assets.xcassets */; };
		680C66022A19596E00CE678E /* AgeGroupSelectionView.swift in Sources */ = {isa = PBXBuildFile; fileRef = 680C66012A19596E00CE678E /* AgeGroupSelectionView.swift */; };
		680C66042A195A0E00CE678E /* ReaderView.swift in Sources */ = {isa = PBXBuildFile; fileRef = 680C66032A195A0E00CE678E /* ReaderView.swift */; };
		680C66062A195A2E00CE678E /* Story.swift in Sources */ = {isa = PBXBuildFile; fileRef = 680C66052A195A2E00CE678E /* Story.swift */; };
		680C66082A195AB300CE678E /* AgeGroup.swift in Sources */ = {isa = PBXBuildFile; fileRef = 680C66072A195AB300CE678E /* AgeGroup.swift */; };
		680C660A2A195BBE00CE678E /* Theme.swift in Sources */ = {isa = PBXBuildFile; fileRef = 680C66092A195BBE00CE678E /* Theme.swift */; };
		680C660C2A195CD200CE678E /* Setting.swift in Sources */ = {isa = PBXBuildFile; fileRef = 680C660B2A195CD200CE678E /* Setting.swift */; };
		680C66102A198D3300CE678E /* ThemeSelectionView.swift in Sources */ = {isa = PBXBuildFile; fileRef = 680C660F2A198D3300CE678E /* ThemeSelectionView.swift */; };
		680C66122A19EBD400CE678E /* SettingSelectionView.swift in Sources */ = {isa = PBXBuildFile; fileRef = 680C66112A19EBD400CE678E /* SettingSelectionView.swift */; };
		680C66142A19ED8F00CE678E /* NotificationCenter+SwiftUI.swift in Sources */ = {isa = PBXBuildFile; fileRef = 680C66132A19ED8F00CE678E /* NotificationCenter+SwiftUI.swift */; };
		680C66162A19EE2500CE678E /* StoryService.swift in Sources */ = {isa = PBXBuildFile; fileRef = 680C66152A19EE2500CE678E /* StoryService.swift */; };
		680C66182A19F04800CE678E /* Launch Screen.storyboard in Resources */ = {isa = PBXBuildFile; fileRef = 680C66172A19F04800CE678E /* Launch Screen.storyboard */; };
		680C661A2A19F08800CE678E /* AppDelegate.swift in Sources */ = {isa = PBXBuildFile; fileRef = 680C66192A19F08800CE678E /* AppDelegate.swift */; };
		680C661C2A19F54D00CE678E /* SynopsisView.swift in Sources */ = {isa = PBXBuildFile; fileRef = 680C661B2A19F54D00CE678E /* SynopsisView.swift */; };
		680C661E2A19FB0300CE678E /* SuccessView.swift in Sources */ = {isa = PBXBuildFile; fileRef = 680C661D2A19FB0300CE678E /* SuccessView.swift */; };
		680C66272A1A079900CE678E /* NetworkService.swift in Sources */ = {isa = PBXBuildFile; fileRef = 680C66262A1A079900CE678E /* NetworkService.swift */; };
		680C66292A1A07FD00CE678E /* NetworkError.swift in Sources */ = {isa = PBXBuildFile; fileRef = 680C66282A1A07FD00CE678E /* NetworkError.swift */; };
		680C662B2A1A084600CE678E /* API.swift in Sources */ = {isa = PBXBuildFile; fileRef = 680C662A2A1A084600CE678E /* API.swift */; };
		680C662D2A1A08B200CE678E /* HTTPMethod.swift in Sources */ = {isa = PBXBuildFile; fileRef = 680C662C2A1A08B200CE678E /* HTTPMethod.swift */; };
		680C662F2A1A08E100CE678E /* NetworkInterceptor.swift in Sources */ = {isa = PBXBuildFile; fileRef = 680C662E2A1A08E100CE678E /* NetworkInterceptor.swift */; };
		680C66312A1A090D00CE678E /* NetworkReachability.swift in Sources */ = {isa = PBXBuildFile; fileRef = 680C66302A1A090D00CE678E /* NetworkReachability.swift */; };
		680C66332A1A099F00CE678E /* ErrorResponse.swift in Sources */ = {isa = PBXBuildFile; fileRef = 680C66322A1A099F00CE678E /* ErrorResponse.swift */; };
		680C66362A1A0A4300CE678E /* StoryAPI.swift in Sources */ = {isa = PBXBuildFile; fileRef = 680C66352A1A0A4300CE678E /* StoryAPI.swift */; };
		680C66382A1A0C2A00CE678E /* Configuration.swift in Sources */ = {isa = PBXBuildFile; fileRef = 680C66372A1A0C2A00CE678E /* Configuration.swift */; };
		680C663D2A1A0D3900CE678E /* Persistable.swift in Sources */ = {isa = PBXBuildFile; fileRef = 680C663C2A1A0D3900CE678E /* Persistable.swift */; };
		680C66422A1A13D800CE678E /* StorySpark.xcdatamodeld in Sources */ = {isa = PBXBuildFile; fileRef = 680C66402A1A13D800CE678E /* StorySpark.xcdatamodeld */; };
		680C66442A1A156600CE678E /* CoreDataService.swift in Sources */ = {isa = PBXBuildFile; fileRef = 680C66432A1A156600CE678E /* CoreDataService.swift */; };
/* End PBXBuildFile section */

/* Begin PBXFileReference section */
		680C65F02A19589400CE678E /* StorySpark.app */ = {isa = PBXFileReference; explicitFileType = wrapper.application; includeInIndex = 0; path = StorySpark.app; sourceTree = BUILT_PRODUCTS_DIR; };
		680C65F32A19589400CE678E /* StorySparkApp.swift */ = {isa = PBXFileReference; lastKnownFileType = sourcecode.swift; path = StorySparkApp.swift; sourceTree = "<group>"; };
		680C65F52A19589400CE678E /* StoryListView.swift */ = {isa = PBXFileReference; lastKnownFileType = sourcecode.swift; path = StoryListView.swift; sourceTree = "<group>"; };
		680C65F72A19589600CE678E /* Assets.xcassets */ = {isa = PBXFileReference; lastKnownFileType = folder.assetcatalog; path = Assets.xcassets; sourceTree = "<group>"; };
		680C66012A19596E00CE678E /* AgeGroupSelectionView.swift */ = {isa = PBXFileReference; lastKnownFileType = sourcecode.swift; path = AgeGroupSelectionView.swift; sourceTree = "<group>"; };
		680C66032A195A0E00CE678E /* ReaderView.swift */ = {isa = PBXFileReference; lastKnownFileType = sourcecode.swift; path = ReaderView.swift; sourceTree = "<group>"; };
		680C66052A195A2E00CE678E /* Story.swift */ = {isa = PBXFileReference; lastKnownFileType = sourcecode.swift; path = Story.swift; sourceTree = "<group>"; };
		680C66072A195AB300CE678E /* AgeGroup.swift */ = {isa = PBXFileReference; lastKnownFileType = sourcecode.swift; path = AgeGroup.swift; sourceTree = "<group>"; };
		680C66092A195BBE00CE678E /* Theme.swift */ = {isa = PBXFileReference; lastKnownFileType = sourcecode.swift; path = Theme.swift; sourceTree = "<group>"; };
		680C660B2A195CD200CE678E /* Setting.swift */ = {isa = PBXFileReference; lastKnownFileType = sourcecode.swift; path = Setting.swift; sourceTree = "<group>"; };
		680C660F2A198D3300CE678E /* ThemeSelectionView.swift */ = {isa = PBXFileReference; lastKnownFileType = sourcecode.swift; path = ThemeSelectionView.swift; sourceTree = "<group>"; };
		680C66112A19EBD400CE678E /* SettingSelectionView.swift */ = {isa = PBXFileReference; lastKnownFileType = sourcecode.swift; path = SettingSelectionView.swift; sourceTree = "<group>"; };
		680C66132A19ED8F00CE678E /* NotificationCenter+SwiftUI.swift */ = {isa = PBXFileReference; lastKnownFileType = sourcecode.swift; path = "NotificationCenter+SwiftUI.swift"; sourceTree = "<group>"; };
		680C66152A19EE2500CE678E /* StoryService.swift */ = {isa = PBXFileReference; lastKnownFileType = sourcecode.swift; path = StoryService.swift; sourceTree = "<group>"; };
		680C66172A19F04800CE678E /* Launch Screen.storyboard */ = {isa = PBXFileReference; lastKnownFileType = file.storyboard; path = "Launch Screen.storyboard"; sourceTree = "<group>"; };
		680C66192A19F08800CE678E /* AppDelegate.swift */ = {isa = PBXFileReference; lastKnownFileType = sourcecode.swift; path = AppDelegate.swift; sourceTree = "<group>"; };
		680C661B2A19F54D00CE678E /* SynopsisView.swift */ = {isa = PBXFileReference; lastKnownFileType = sourcecode.swift; path = SynopsisView.swift; sourceTree = "<group>"; };
		680C661D2A19FB0300CE678E /* SuccessView.swift */ = {isa = PBXFileReference; lastKnownFileType = sourcecode.swift; path = SuccessView.swift; sourceTree = "<group>"; };
		680C66262A1A079900CE678E /* NetworkService.swift */ = {isa = PBXFileReference; lastKnownFileType = sourcecode.swift; path = NetworkService.swift; sourceTree = "<group>"; };
		680C66282A1A07FD00CE678E /* NetworkError.swift */ = {isa = PBXFileReference; lastKnownFileType = sourcecode.swift; path = NetworkError.swift; sourceTree = "<group>"; };
		680C662A2A1A084600CE678E /* API.swift */ = {isa = PBXFileReference; lastKnownFileType = sourcecode.swift; path = API.swift; sourceTree = "<group>"; };
		680C662C2A1A08B200CE678E /* HTTPMethod.swift */ = {isa = PBXFileReference; lastKnownFileType = sourcecode.swift; path = HTTPMethod.swift; sourceTree = "<group>"; };
		680C662E2A1A08E100CE678E /* NetworkInterceptor.swift */ = {isa = PBXFileReference; lastKnownFileType = sourcecode.swift; path = NetworkInterceptor.swift; sourceTree = "<group>"; };
		680C66302A1A090D00CE678E /* NetworkReachability.swift */ = {isa = PBXFileReference; lastKnownFileType = sourcecode.swift; path = NetworkReachability.swift; sourceTree = "<group>"; };
		680C66322A1A099F00CE678E /* ErrorResponse.swift */ = {isa = PBXFileReference; lastKnownFileType = sourcecode.swift; path = ErrorResponse.swift; sourceTree = "<group>"; };
		680C66352A1A0A4300CE678E /* StoryAPI.swift */ = {isa = PBXFileReference; lastKnownFileType = sourcecode.swift; path = StoryAPI.swift; sourceTree = "<group>"; };
		680C66372A1A0C2A00CE678E /* Configuration.swift */ = {isa = PBXFileReference; lastKnownFileType = sourcecode.swift; path = Configuration.swift; sourceTree = "<group>"; };
		680C66392A1A0C6500CE678E /* Configuration.xcconfig */ = {isa = PBXFileReference; lastKnownFileType = text.xcconfig; path = Configuration.xcconfig; sourceTree = "<group>"; };
		680C663B2A1A0C8000CE678E /* Info.plist */ = {isa = PBXFileReference; lastKnownFileType = text.plist.xml; path = Info.plist; sourceTree = "<group>"; };
		680C663C2A1A0D3900CE678E /* Persistable.swift */ = {isa = PBXFileReference; lastKnownFileType = sourcecode.swift; path = Persistable.swift; sourceTree = "<group>"; };
		680C66412A1A13D800CE678E /* StorySpark.xcdatamodel */ = {isa = PBXFileReference; lastKnownFileType = wrapper.xcdatamodel; path = StorySpark.xcdatamodel; sourceTree = "<group>"; };
		680C66432A1A156600CE678E /* CoreDataService.swift */ = {isa = PBXFileReference; lastKnownFileType = sourcecode.swift; path = CoreDataService.swift; sourceTree = "<group>"; };
/* End PBXFileReference section */

/* Begin PBXFrameworksBuildPhase section */
		680C65ED2A19589400CE678E /* Frameworks */ = {
			isa = PBXFrameworksBuildPhase;
			buildActionMask = 2147483647;
			files = (
			);
			runOnlyForDeploymentPostprocessing = 0;
		};
/* End PBXFrameworksBuildPhase section */

/* Begin PBXGroup section */
		680C65E72A19589400CE678E = {
			isa = PBXGroup;
			children = (
				680C65F22A19589400CE678E /* StorySpark */,
				680C65F12A19589400CE678E /* Products */,
			);
			sourceTree = "<group>";
		};
		680C65F12A19589400CE678E /* Products */ = {
			isa = PBXGroup;
			children = (
				680C65F02A19589400CE678E /* StorySpark.app */,
			);
			name = Products;
			sourceTree = "<group>";
		};
		680C65F22A19589400CE678E /* StorySpark */ = {
			isa = PBXGroup;
			children = (
				680C661F2A1A036E00CE678E /* App */,
				680C66222A1A038D00CE678E /* Data */,
				680C66242A1A03CD00CE678E /* Network */,
				680C66212A1A037D00CE678E /* Views */,
			);
			path = StorySpark;
			sourceTree = "<group>";
		};
		680C661F2A1A036E00CE678E /* App */ = {
			isa = PBXGroup;
			children = (
				680C66192A19F08800CE678E /* AppDelegate.swift */,
				680C663A2A1A0C7000CE678E /* Configuration */,
				680C66232A1A03AC00CE678E /* Extensions */,
				680C663B2A1A0C8000CE678E /* Info.plist */,
				680C66202A1A037300CE678E /* Resources */,
				680C65F32A19589400CE678E /* StorySparkApp.swift */,
			);
			path = App;
			sourceTree = "<group>";
		};
		680C66202A1A037300CE678E /* Resources */ = {
			isa = PBXGroup;
			children = (
				680C66172A19F04800CE678E /* Launch Screen.storyboard */,
				680C65F72A19589600CE678E /* Assets.xcassets */,
			);
			path = Resources;
			sourceTree = "<group>";
		};
		680C66212A1A037D00CE678E /* Views */ = {
			isa = PBXGroup;
			children = (
				680C66032A195A0E00CE678E /* ReaderView.swift */,
				680C66012A19596E00CE678E /* AgeGroupSelectionView.swift */,
				680C66112A19EBD400CE678E /* SettingSelectionView.swift */,
				680C65F52A19589400CE678E /* StoryListView.swift */,
				680C661D2A19FB0300CE678E /* SuccessView.swift */,
				680C661B2A19F54D00CE678E /* SynopsisView.swift */,
				680C660F2A198D3300CE678E /* ThemeSelectionView.swift */,
			);
			path = Views;
			sourceTree = "<group>";
		};
		680C66222A1A038D00CE678E /* Data */ = {
			isa = PBXGroup;
			children = (
				680C663F2A1A13BB00CE678E /* Base */,
				680C663E2A1A13B000CE678E /* Models */,
			);
			path = Data;
			sourceTree = "<group>";
		};
		680C66232A1A03AC00CE678E /* Extensions */ = {
			isa = PBXGroup;
			children = (
				680C66132A19ED8F00CE678E /* NotificationCenter+SwiftUI.swift */,
			);
			path = Extensions;
			sourceTree = "<group>";
		};
		680C66242A1A03CD00CE678E /* Network */ = {
			isa = PBXGroup;
			children = (
				680C66252A1A078F00CE678E /* Base */,
				680C66342A1A0A3800CE678E /* Story */,
			);
			path = Network;
			sourceTree = "<group>";
		};
		680C66252A1A078F00CE678E /* Base */ = {
			isa = PBXGroup;
			children = (
				680C66262A1A079900CE678E /* NetworkService.swift */,
				680C66282A1A07FD00CE678E /* NetworkError.swift */,
				680C662A2A1A084600CE678E /* API.swift */,
				680C662C2A1A08B200CE678E /* HTTPMethod.swift */,
				680C662E2A1A08E100CE678E /* NetworkInterceptor.swift */,
				680C66302A1A090D00CE678E /* NetworkReachability.swift */,
				680C66322A1A099F00CE678E /* ErrorResponse.swift */,
			);
			path = Base;
			sourceTree = "<group>";
		};
		680C66342A1A0A3800CE678E /* Story */ = {
			isa = PBXGroup;
			children = (
				680C66152A19EE2500CE678E /* StoryService.swift */,
				680C66352A1A0A4300CE678E /* StoryAPI.swift */,
			);
			path = Story;
			sourceTree = "<group>";
		};
		680C663A2A1A0C7000CE678E /* Configuration */ = {
			isa = PBXGroup;
			children = (
				680C66372A1A0C2A00CE678E /* Configuration.swift */,
				680C66392A1A0C6500CE678E /* Configuration.xcconfig */,
			);
			path = Configuration;
			sourceTree = "<group>";
		};
		680C663E2A1A13B000CE678E /* Models */ = {
			isa = PBXGroup;
			children = (
				680C66072A195AB300CE678E /* AgeGroup.swift */,
				680C660B2A195CD200CE678E /* Setting.swift */,
				680C66052A195A2E00CE678E /* Story.swift */,
				680C66092A195BBE00CE678E /* Theme.swift */,
			);
			path = Models;
			sourceTree = "<group>";
		};
		680C663F2A1A13BB00CE678E /* Base */ = {
			isa = PBXGroup;
			children = (
				680C663C2A1A0D3900CE678E /* Persistable.swift */,
				680C66432A1A156600CE678E /* CoreDataService.swift */,
				680C66402A1A13D800CE678E /* StorySpark.xcdatamodeld */,
			);
			path = Base;
			sourceTree = "<group>";
		};
/* End PBXGroup section */

/* Begin PBXNativeTarget section */
		680C65EF2A19589400CE678E /* StorySpark */ = {
			isa = PBXNativeTarget;
			buildConfigurationList = 680C65FE2A19589600CE678E /* Build configuration list for PBXNativeTarget "StorySpark" */;
			buildPhases = (
				680C65EC2A19589400CE678E /* Sources */,
				680C65ED2A19589400CE678E /* Frameworks */,
				680C65EE2A19589400CE678E /* Resources */,
			);
			buildRules = (
			);
			dependencies = (
			);
			name = StorySpark;
			productName = StorySpark;
			productReference = 680C65F02A19589400CE678E /* StorySpark.app */;
			productType = "com.apple.product-type.application";
		};
/* End PBXNativeTarget section */

/* Begin PBXProject section */
		680C65E82A19589400CE678E /* Project object */ = {
			isa = PBXProject;
			attributes = {
				BuildIndependentTargetsInParallel = 1;
				LastSwiftUpdateCheck = 1420;
				LastUpgradeCheck = 1420;
				TargetAttributes = {
					680C65EF2A19589400CE678E = {
						CreatedOnToolsVersion = 14.2;
					};
				};
			};
			buildConfigurationList = 680C65EB2A19589400CE678E /* Build configuration list for PBXProject "StorySpark" */;
			compatibilityVersion = "Xcode 14.0";
			developmentRegion = en;
			hasScannedForEncodings = 0;
			knownRegions = (
				en,
				Base,
			);
			mainGroup = 680C65E72A19589400CE678E;
			productRefGroup = 680C65F12A19589400CE678E /* Products */;
			projectDirPath = "";
			projectRoot = "";
			targets = (
				680C65EF2A19589400CE678E /* StorySpark */,
			);
		};
/* End PBXProject section */

/* Begin PBXResourcesBuildPhase section */
		680C65EE2A19589400CE678E /* Resources */ = {
			isa = PBXResourcesBuildPhase;
			buildActionMask = 2147483647;
			files = (
				680C66182A19F04800CE678E /* Launch Screen.storyboard in Resources */,
				680C65F82A19589600CE678E /* Assets.xcassets in Resources */,
			);
			runOnlyForDeploymentPostprocessing = 0;
		};
/* End PBXResourcesBuildPhase section */

/* Begin PBXSourcesBuildPhase section */
		680C65EC2A19589400CE678E /* Sources */ = {
			isa = PBXSourcesBuildPhase;
			buildActionMask = 2147483647;
			files = (
				680C662D2A1A08B200CE678E /* HTTPMethod.swift in Sources */,
				680C66292A1A07FD00CE678E /* NetworkError.swift in Sources */,
				680C66312A1A090D00CE678E /* NetworkReachability.swift in Sources */,
				680C661C2A19F54D00CE678E /* SynopsisView.swift in Sources */,
				680C66022A19596E00CE678E /* AgeGroupSelectionView.swift in Sources */,
				680C66042A195A0E00CE678E /* ReaderView.swift in Sources */,
				680C66382A1A0C2A00CE678E /* Configuration.swift in Sources */,
				680C65F62A19589400CE678E /* StoryListView.swift in Sources */,
				680C66102A198D3300CE678E /* ThemeSelectionView.swift in Sources */,
				680C66362A1A0A4300CE678E /* StoryAPI.swift in Sources */,
				680C65F42A19589400CE678E /* StorySparkApp.swift in Sources */,
				680C66422A1A13D800CE678E /* StorySpark.xcdatamodeld in Sources */,
				680C662F2A1A08E100CE678E /* NetworkInterceptor.swift in Sources */,
				680C66062A195A2E00CE678E /* Story.swift in Sources */,
				680C661E2A19FB0300CE678E /* SuccessView.swift in Sources */,
				680C663D2A1A0D3900CE678E /* Persistable.swift in Sources */,
				680C66442A1A156600CE678E /* CoreDataService.swift in Sources */,
				680C66122A19EBD400CE678E /* SettingSelectionView.swift in Sources */,
				680C66162A19EE2500CE678E /* StoryService.swift in Sources */,
				680C66272A1A079900CE678E /* NetworkService.swift in Sources */,
				680C661A2A19F08800CE678E /* AppDelegate.swift in Sources */,
				680C66142A19ED8F00CE678E /* NotificationCenter+SwiftUI.swift in Sources */,
				680C66082A195AB300CE678E /* AgeGroup.swift in Sources */,
				680C660C2A195CD200CE678E /* Setting.swift in Sources */,
				680C66332A1A099F00CE678E /* ErrorResponse.swift in Sources */,
				680C662B2A1A084600CE678E /* API.swift in Sources */,
				680C660A2A195BBE00CE678E /* Theme.swift in Sources */,
			);
			runOnlyForDeploymentPostprocessing = 0;
		};
/* End PBXSourcesBuildPhase section */

/* Begin XCBuildConfiguration section */
		680C65FC2A19589600CE678E /* Debug */ = {
			isa = XCBuildConfiguration;
			buildSettings = {
				ALWAYS_SEARCH_USER_PATHS = NO;
				CLANG_ANALYZER_NONNULL = YES;
				CLANG_ANALYZER_NUMBER_OBJECT_CONVERSION = YES_AGGRESSIVE;
				CLANG_CXX_LANGUAGE_STANDARD = "gnu++20";
				CLANG_ENABLE_MODULES = YES;
				CLANG_ENABLE_OBJC_ARC = YES;
				CLANG_ENABLE_OBJC_WEAK = YES;
				CLANG_WARN_BLOCK_CAPTURE_AUTORELEASING = YES;
				CLANG_WARN_BOOL_CONVERSION = YES;
				CLANG_WARN_COMMA = YES;
				CLANG_WARN_CONSTANT_CONVERSION = YES;
				CLANG_WARN_DEPRECATED_OBJC_IMPLEMENTATIONS = YES;
				CLANG_WARN_DIRECT_OBJC_ISA_USAGE = YES_ERROR;
				CLANG_WARN_DOCUMENTATION_COMMENTS = YES;
				CLANG_WARN_EMPTY_BODY = YES;
				CLANG_WARN_ENUM_CONVERSION = YES;
				CLANG_WARN_INFINITE_RECURSION = YES;
				CLANG_WARN_INT_CONVERSION = YES;
				CLANG_WARN_NON_LITERAL_NULL_CONVERSION = YES;
				CLANG_WARN_OBJC_IMPLICIT_RETAIN_SELF = YES;
				CLANG_WARN_OBJC_LITERAL_CONVERSION = YES;
				CLANG_WARN_OBJC_ROOT_CLASS = YES_ERROR;
				CLANG_WARN_QUOTED_INCLUDE_IN_FRAMEWORK_HEADER = YES;
				CLANG_WARN_RANGE_LOOP_ANALYSIS = YES;
				CLANG_WARN_STRICT_PROTOTYPES = YES;
				CLANG_WARN_SUSPICIOUS_MOVE = YES;
				CLANG_WARN_UNGUARDED_AVAILABILITY = YES_AGGRESSIVE;
				CLANG_WARN_UNREACHABLE_CODE = YES;
				CLANG_WARN__DUPLICATE_METHOD_MATCH = YES;
				COPY_PHASE_STRIP = NO;
				DEBUG_INFORMATION_FORMAT = dwarf;
				ENABLE_STRICT_OBJC_MSGSEND = YES;
				ENABLE_TESTABILITY = YES;
				GCC_C_LANGUAGE_STANDARD = gnu11;
				GCC_DYNAMIC_NO_PIC = NO;
				GCC_NO_COMMON_BLOCKS = YES;
				GCC_OPTIMIZATION_LEVEL = 0;
				GCC_PREPROCESSOR_DEFINITIONS = (
					"DEBUG=1",
					"$(inherited)",
				);
				GCC_WARN_64_TO_32_BIT_CONVERSION = YES;
				GCC_WARN_ABOUT_RETURN_TYPE = YES_ERROR;
				GCC_WARN_UNDECLARED_SELECTOR = YES;
				GCC_WARN_UNINITIALIZED_AUTOS = YES_AGGRESSIVE;
				GCC_WARN_UNUSED_FUNCTION = YES;
				GCC_WARN_UNUSED_VARIABLE = YES;
				IPHONEOS_DEPLOYMENT_TARGET = 16.2;
				MTL_ENABLE_DEBUG_INFO = INCLUDE_SOURCE;
				MTL_FAST_MATH = YES;
				ONLY_ACTIVE_ARCH = YES;
				SDKROOT = iphoneos;
				SWIFT_ACTIVE_COMPILATION_CONDITIONS = DEBUG;
				SWIFT_OPTIMIZATION_LEVEL = "-Onone";
			};
			name = Debug;
		};
		680C65FD2A19589600CE678E /* Release */ = {
			isa = XCBuildConfiguration;
			buildSettings = {
				ALWAYS_SEARCH_USER_PATHS = NO;
				CLANG_ANALYZER_NONNULL = YES;
				CLANG_ANALYZER_NUMBER_OBJECT_CONVERSION = YES_AGGRESSIVE;
				CLANG_CXX_LANGUAGE_STANDARD = "gnu++20";
				CLANG_ENABLE_MODULES = YES;
				CLANG_ENABLE_OBJC_ARC = YES;
				CLANG_ENABLE_OBJC_WEAK = YES;
				CLANG_WARN_BLOCK_CAPTURE_AUTORELEASING = YES;
				CLANG_WARN_BOOL_CONVERSION = YES;
				CLANG_WARN_COMMA = YES;
				CLANG_WARN_CONSTANT_CONVERSION = YES;
				CLANG_WARN_DEPRECATED_OBJC_IMPLEMENTATIONS = YES;
				CLANG_WARN_DIRECT_OBJC_ISA_USAGE = YES_ERROR;
				CLANG_WARN_DOCUMENTATION_COMMENTS = YES;
				CLANG_WARN_EMPTY_BODY = YES;
				CLANG_WARN_ENUM_CONVERSION = YES;
				CLANG_WARN_INFINITE_RECURSION = YES;
				CLANG_WARN_INT_CONVERSION = YES;
				CLANG_WARN_NON_LITERAL_NULL_CONVERSION = YES;
				CLANG_WARN_OBJC_IMPLICIT_RETAIN_SELF = YES;
				CLANG_WARN_OBJC_LITERAL_CONVERSION = YES;
				CLANG_WARN_OBJC_ROOT_CLASS = YES_ERROR;
				CLANG_WARN_QUOTED_INCLUDE_IN_FRAMEWORK_HEADER = YES;
				CLANG_WARN_RANGE_LOOP_ANALYSIS = YES;
				CLANG_WARN_STRICT_PROTOTYPES = YES;
				CLANG_WARN_SUSPICIOUS_MOVE = YES;
				CLANG_WARN_UNGUARDED_AVAILABILITY = YES_AGGRESSIVE;
				CLANG_WARN_UNREACHABLE_CODE = YES;
				CLANG_WARN__DUPLICATE_METHOD_MATCH = YES;
				COPY_PHASE_STRIP = NO;
				DEBUG_INFORMATION_FORMAT = "dwarf-with-dsym";
				ENABLE_NS_ASSERTIONS = NO;
				ENABLE_STRICT_OBJC_MSGSEND = YES;
				GCC_C_LANGUAGE_STANDARD = gnu11;
				GCC_NO_COMMON_BLOCKS = YES;
				GCC_WARN_64_TO_32_BIT_CONVERSION = YES;
				GCC_WARN_ABOUT_RETURN_TYPE = YES_ERROR;
				GCC_WARN_UNDECLARED_SELECTOR = YES;
				GCC_WARN_UNINITIALIZED_AUTOS = YES_AGGRESSIVE;
				GCC_WARN_UNUSED_FUNCTION = YES;
				GCC_WARN_UNUSED_VARIABLE = YES;
				IPHONEOS_DEPLOYMENT_TARGET = 16.2;
				MTL_ENABLE_DEBUG_INFO = NO;
				MTL_FAST_MATH = YES;
				SDKROOT = iphoneos;
				SWIFT_COMPILATION_MODE = wholemodule;
				SWIFT_OPTIMIZATION_LEVEL = "-O";
				VALIDATE_PRODUCT = YES;
			};
			name = Release;
		};
		680C65FF2A19589600CE678E /* Debug */ = {
			isa = XCBuildConfiguration;
			buildSettings = {
				ASSETCATALOG_COMPILER_APPICON_NAME = AppIcon;
				ASSETCATALOG_COMPILER_GLOBAL_ACCENT_COLOR_NAME = AccentColor;
				CODE_SIGN_STYLE = Automatic;
				CURRENT_PROJECT_VERSION = 1;
				DEVELOPMENT_ASSET_PATHS = "";
				DEVELOPMENT_TEAM = 73LQN422HM;
				ENABLE_PREVIEWS = YES;
				GENERATE_INFOPLIST_FILE = YES;
				INFOPLIST_FILE = StorySpark/App/Info.plist;
				INFOPLIST_KEY_UIApplicationSceneManifest_Generation = YES;
				INFOPLIST_KEY_UIApplicationSupportsIndirectInputEvents = YES;
				INFOPLIST_KEY_UILaunchScreen_Generation = YES;
				INFOPLIST_KEY_UILaunchStoryboardName = "Launch Screen.storyboard";
				INFOPLIST_KEY_UISupportedInterfaceOrientations_iPad = "UIInterfaceOrientationPortrait UIInterfaceOrientationPortraitUpsideDown UIInterfaceOrientationLandscapeLeft UIInterfaceOrientationLandscapeRight";
				INFOPLIST_KEY_UISupportedInterfaceOrientations_iPhone = "UIInterfaceOrientationPortrait UIInterfaceOrientationLandscapeLeft UIInterfaceOrientationLandscapeRight";
				LD_RUNPATH_SEARCH_PATHS = (
					"$(inherited)",
					"@executable_path/Frameworks",
				);
				MARKETING_VERSION = 1.0;
				PRODUCT_BUNDLE_IDENTIFIER = uk.co.wolfe.StorySpark;
				PRODUCT_NAME = "$(TARGET_NAME)";
				SWIFT_EMIT_LOC_STRINGS = YES;
				SWIFT_VERSION = 5.0;
				TARGETED_DEVICE_FAMILY = "1,2";
			};
			name = Debug;
		};
		680C66002A19589600CE678E /* Release */ = {
			isa = XCBuildConfiguration;
			buildSettings = {
				ASSETCATALOG_COMPILER_APPICON_NAME = AppIcon;
				ASSETCATALOG_COMPILER_GLOBAL_ACCENT_COLOR_NAME = AccentColor;
				CODE_SIGN_STYLE = Automatic;
				CURRENT_PROJECT_VERSION = 1;
				DEVELOPMENT_ASSET_PATHS = "";
				DEVELOPMENT_TEAM = 73LQN422HM;
				ENABLE_PREVIEWS = YES;
				GENERATE_INFOPLIST_FILE = YES;
				INFOPLIST_FILE = StorySpark/App/Info.plist;
				INFOPLIST_KEY_UIApplicationSceneManifest_Generation = YES;
				INFOPLIST_KEY_UIApplicationSupportsIndirectInputEvents = YES;
				INFOPLIST_KEY_UILaunchScreen_Generation = YES;
				INFOPLIST_KEY_UILaunchStoryboardName = "Launch Screen.storyboard";
				INFOPLIST_KEY_UISupportedInterfaceOrientations_iPad = "UIInterfaceOrientationPortrait UIInterfaceOrientationPortraitUpsideDown UIInterfaceOrientationLandscapeLeft UIInterfaceOrientationLandscapeRight";
				INFOPLIST_KEY_UISupportedInterfaceOrientations_iPhone = "UIInterfaceOrientationPortrait UIInterfaceOrientationLandscapeLeft UIInterfaceOrientationLandscapeRight";
				LD_RUNPATH_SEARCH_PATHS = (
					"$(inherited)",
					"@executable_path/Frameworks",
				);
				MARKETING_VERSION = 1.0;
				PRODUCT_BUNDLE_IDENTIFIER = uk.co.wolfe.StorySpark;
				PRODUCT_NAME = "$(TARGET_NAME)";
				SWIFT_EMIT_LOC_STRINGS = YES;
				SWIFT_VERSION = 5.0;
				TARGETED_DEVICE_FAMILY = "1,2";
			};
			name = Release;
		};
/* End XCBuildConfiguration section */

/* Begin XCConfigurationList section */
		680C65EB2A19589400CE678E /* Build configuration list for PBXProject "StorySpark" */ = {
			isa = XCConfigurationList;
			buildConfigurations = (
				680C65FC2A19589600CE678E /* Debug */,
				680C65FD2A19589600CE678E /* Release */,
			);
			defaultConfigurationIsVisible = 0;
			defaultConfigurationName = Release;
		};
		680C65FE2A19589600CE678E /* Build configuration list for PBXNativeTarget "StorySpark" */ = {
			isa = XCConfigurationList;
			buildConfigurations = (
				680C65FF2A19589600CE678E /* Debug */,
				680C66002A19589600CE678E /* Release */,
			);
			defaultConfigurationIsVisible = 0;
			defaultConfigurationName = Release;
		};
/* End XCConfigurationList section */

/* Begin XCVersionGroup section */
		680C66402A1A13D800CE678E /* StorySpark.xcdatamodeld */ = {
			isa = XCVersionGroup;
			children = (
				680C66412A1A13D800CE678E /* StorySpark.xcdatamodel */,
			);
			currentVersion = 680C66412A1A13D800CE678E /* StorySpark.xcdatamodel */;
			path = StorySpark.xcdatamodeld;
			sourceTree = "<group>";
			versionGroupType = wrapper.xcdatamodel;
		};
/* End XCVersionGroup section */
	};
	rootObject = 680C65E82A19589400CE678E /* Project object */;
}
